
Microsoft Visual Studio Solution File, Format Version 12.00
# Visual Studio 2012
Project("{8BC9CEB8-8B4A-11D0-8D11-00A0C91BC942}") = "MFCDLL", "MFCDLL\MFCDLL.vcxproj", "{FACE5466-09F8-49F8-A002-BF34A58B8C94}"
EndProject
Project("{8BC9CEB8-8B4A-11D0-8D11-00A0C91BC942}") = "Md5", "Md5\Md5.vcxproj", "{4B7E2FE9-4D96-4145-AD32-5CD4DEA2EF89}"
EndProject
Global
	GlobalSection(SolutionConfigurationPlatforms) = preSolution
		Debug|Win32 = Debug|Win32
		Release|Win32 = Release|Win32
	EndGlobalSection
	GlobalSection(ProjectConfigurationPlatforms) = postSolution
		{FACE5466-09F8-49F8-A002-BF34A58B8C94}.Debug|Win32.ActiveCfg = Debug|Win32
		{FACE5466-09F8-49F8-A002-BF34A58B8C94}.Debug|Win32.Build.0 = Debug|Win32
		{FACE5466-09F8-49F8-A002-BF34A58B8C94}.Release|Win32.ActiveCfg = Release|Win32
		{FACE5466-09F8-49F8-A002-BF34A58B8C94}.Release|Win32.Build.0 = Release|Win32
		{4B7E2FE9-4D96-4145-AD32-5CD4DEA2EF89}.Debug|Win32.ActiveCfg = Debug|Win32
		{4B7E2FE9-4D96-4145-AD32-5CD4DEA2EF89}.Debug|Win32.Build.0 = Debug|Win32
		{4B7E2FE9-4D96-4145-AD32-5CD4DEA2EF89}.Release|Win32.ActiveCfg = Release|Win32
		{4B7E2FE9-4D96-4145-AD32-5CD4DEA2EF89}.Release|Win32.Build.0 = Release|Win32
	EndGlobalSection
	GlobalSection(SolutionProperties) = preSolution
		HideSolutionNode = FALSE
	EndGlobalSection
EndGlobal
